
Microsoft Visual Studio Solution File, Format Version 12.00
# Visual Studio Version 16
VisualStudioVersion = 16.0.31624.102
MinimumVisualStudioVersion = 10.0.40219.1
Project("{FAE04EC0-301F-11D3-BF4B-00C04F79EFBC}") = "Geosphere", "Geosphere\Geosphere.csproj", "{55B26B9D-B8B6-47E4-BFE7-BDBD8B3A4A96}"
EndProject
Global
	GlobalSection(SolutionConfigurationPlatforms) = preSolution
		Debug|Any CPU = Debug|Any CPU
		Release|Any CPU = Release|Any CPU
	EndGlobalSection
	GlobalSection(ProjectConfigurationPlatforms) = postSolution
		{55B26B9D-B8B6-47E4-BFE7-BDBD8B3A4A96}.Debug|Any CPU.ActiveCfg = Debug|Any CPU
		{55B26B9D-B8B6-47E4-BFE7-BDBD8B3A4A96}.Debug|Any CPU.Build.0 = Debug|Any CPU
		{55B26B9D-B8B6-47E4-BFE7-BDBD8B3A4A96}.Release|Any CPU.ActiveCfg = Release|Any CPU
		{55B26B9D-B8B6-47E4-BFE7-BDBD8B3A4A96}.Release|Any CPU.Build.0 = Release|Any CPU
	EndGlobalSection
	GlobalSection(SolutionProperties) = preSolution
		HideSolutionNode = FALSE
	EndGlobalSection
	GlobalSection(ExtensibilityGlobals) = postSolution
		SolutionGuid = {BF0EDEAC-342E-462A-B1A4-E990DD923623}
	EndGlobalSection
EndGlobal
